{
  "name": "nova-local",
  "lockfileVersion": 3,
  "requires": true,
  "packages": {
    "": {
      "dependencies": {
        "minisearch": "^7.2.0",
        "react-virtuoso": "^4.18.5",
        "zustand": "^5.0.12"
      }
    },
    "node_modules/minisearch": {
      "version": "7.2.0",
      "resolved": "https://registry.npmmirror.com/minisearch/-/minisearch-7.2.0.tgz",
      "integrity": "sha512-dqT2XBYUOZOiC5t2HRnwADjhNS2cecp9u+TJRiJ1Qp/f5qjkeT5APcGPjHw+bz89Ms8Jp+cG4AlE+QZ/QnDglg==",
      "license": "MIT"
    },
    "node_modules/react": {
      "version": "19.2.5",
      "resolved": "https://registry.npmmirror.com/react/-/react-19.2.5.tgz",
      "integrity": "sha512-llUJLzz1zTUBrskt2pwZgLq59AemifIftw4aB7JxOqf1HY2FDaGDxgwpAPVzHU1kdWabH7FauP4i1oEeer2WCA==",
      "license": "MIT",
      "peer": true,
      "engines": {
        "node": ">=0.10.0"
      }
    },
    "node_modules/react-dom": {
      "version": "19.2.5",
      "resolved": "https://registry.npmmirror.com/react-dom/-/react-dom-19.2.5.tgz",
      "integrity": "sha512-J5bAZz+DXMMwW/wV3xzKke59Af6CHY7G4uYLN1OvBcKEsWOs4pQExj86BBKamxl/Ik5bx9whOrvBlSDfWzgSag==",
      "license": "MIT",
      "peer": true,
      "dependencies": {
        "scheduler": "^0.27.0"
      },
      "peerDependencies": {
        "react": "^19.2.5"
      }
    },
    "node_modules/react-virtuoso": {
      "version": "4.18.5",
      "resolved": "https://registry.npmmirror.com/react-virtuoso/-/react-virtuoso-4.18.5.tgz",
      "integrity": "sha512-QDyNjyNEuurZG67SOmzYyxEkQYSyGmAMixOI6M15L/Q4CF39EgG+88y6DgZRo0q7rmy0HPx3Fj90I8/tPdnRCQ==",
      "license": "MIT",
      "peerDependencies": {
        "react": ">=16 || >=17 || >= 18 || >= 19",
        "react-dom": ">=16 || >=17 || >= 18 || >=19"
      }
    },
    "node_modules/scheduler": {
      "version": "0.27.0",
      "resolved": "https://registry.npmmirror.com/scheduler/-/scheduler-0.27.0.tgz",
      "integrity": "sha512-eNv+WrVbKu1f3vbYJT/xtiF5syA5HPIMtf9IgY/nKg0sWqzAUEvqY/xm7OcZc/qafLx/iO9FgOmeSAp4v5ti/Q==",
      "license": "MIT",
      "peer": true
    },
    "node_modules/zustand": {
      "version": "5.0.12",
      "resolved": "https://registry.npmmirror.com/zustand/-/zustand-5.0.12.tgz",
      "integrity": "sha512-i77ae3aZq4dhMlRhJVCYgMLKuSiZAaUPAct2AksxQ+gOtimhGMdXljRT21P5BNpeT4kXlLIckvkPM029OljD7g==",
      "license": "MIT",
      "engines": {
        "node": ">=12.20.0"
      },
      "peerDependencies": {
        "@types/react": ">=18.0.0",
        "immer": ">=9.0.6",
        "react": ">=18.0.0",
        "use-sync-external-store": ">=1.2.0"
      },
      "peerDependenciesMeta": {
        "@types/react": {
          "optional": true
        },
        "immer": {
          "optional": true
        },
        "react": {
          "optional": true
        },
        "use-sync-external-store": {
          "optional": true
        }
      }
    }
  }
}
